
Microsoft Visual Studio Solution File, Format Version 12.00
# Visual Studio 15
VisualStudioVersion = 15.0.28307.1622
MinimumVisualStudioVersion = 10.0.40219.1
Project("{888888A0-9F3D-457C-B088-3A5042F75D52}") = "PythonLearning", "PythonLearning\PythonLearning.pyproj", "{125B6E36-1966-4F2D-8944-D1CE42C06CAD}"
EndProject
Global
	GlobalSection(SolutionConfigurationPlatforms) = preSolution
		Debug|Any CPU = Debug|Any CPU
		Release|Any CPU = Release|Any CPU
	EndGlobalSection
	GlobalSection(ProjectConfigurationPlatforms) = postSolution
		{125B6E36-1966-4F2D-8944-D1CE42C06CAD}.Debug|Any CPU.ActiveCfg = Debug|Any CPU
		{125B6E36-1966-4F2D-8944-D1CE42C06CAD}.Release|Any CPU.ActiveCfg = Release|Any CPU
	EndGlobalSection
	GlobalSection(SolutionProperties) = preSolution
		HideSolutionNode = FALSE
	EndGlobalSection
	GlobalSection(ExtensibilityGlobals) = postSolution
		SolutionGuid = {281A81B1-8B79-42D2-9292-915C908A0214}
	EndGlobalSection
EndGlobal
